
Microsoft Visual Studio Solution File, Format Version 12.00
# Visual Studio Version 16
VisualStudioVersion = 16.0.30404.54
MinimumVisualStudioVersion = 10.0.40219.1
Project("{FAE04EC0-301F-11D3-BF4B-00C04F79EFBC}") = "Toolkit", "Toolkit\Toolkit.csproj", "{CA536D67-53C9-43B5-8BC8-9A05FDC567ED}"
EndProject
Global
	GlobalSection(SolutionConfigurationPlatforms) = preSolution
		Debug|Any CPU = Debug|Any CPU
		Release|Any CPU = Release|Any CPU
	EndGlobalSection
	GlobalSection(ProjectConfigurationPlatforms) = postSolution
		{CA536D67-53C9-43B5-8BC8-9A05FDC567ED}.Debug|Any CPU.ActiveCfg = Debug|Any CPU
		{CA536D67-53C9-43B5-8BC8-9A05FDC567ED}.Debug|Any CPU.Build.0 = Debug|Any CPU
		{CA536D67-53C9-43B5-8BC8-9A05FDC567ED}.Release|Any CPU.ActiveCfg = Release|Any CPU
		{CA536D67-53C9-43B5-8BC8-9A05FDC567ED}.Release|Any CPU.Build.0 = Release|Any CPU
	EndGlobalSection
	GlobalSection(SolutionProperties) = preSolution
		HideSolutionNode = FALSE
	EndGlobalSection
	GlobalSection(ExtensibilityGlobals) = postSolution
		SolutionGuid = {D4E0798D-0366-493F-B402-787B0C995F7A}
	EndGlobalSection
EndGlobal
